
Microsoft Visual Studio Solution File, Format Version 12.00
# Visual Studio Version 17
VisualStudioVersion = 17.6.33829.357
MinimumVisualStudioVersion = 10.0.40219.1
Project("{FAE04EC0-301F-11D3-BF4B-00C04F79EFBC}") = "Algo2", "Algo2\Algo2.csproj", "{2D6C916C-600E-4BF9-ADF8-9FC62BBA35E0}"
EndProject
Global
	GlobalSection(SolutionConfigurationPlatforms) = preSolution
		Debug|Any CPU = Debug|Any CPU
		Release|Any CPU = Release|Any CPU
	EndGlobalSection
	GlobalSection(ProjectConfigurationPlatforms) = postSolution
		{2D6C916C-600E-4BF9-ADF8-9FC62BBA35E0}.Debug|Any CPU.ActiveCfg = Debug|Any CPU
		{2D6C916C-600E-4BF9-ADF8-9FC62BBA35E0}.Debug|Any CPU.Build.0 = Debug|Any CPU
		{2D6C916C-600E-4BF9-ADF8-9FC62BBA35E0}.Release|Any CPU.ActiveCfg = Release|Any CPU
		{2D6C916C-600E-4BF9-ADF8-9FC62BBA35E0}.Release|Any CPU.Build.0 = Release|Any CPU
	EndGlobalSection
	GlobalSection(SolutionProperties) = preSolution
		HideSolutionNode = FALSE
	EndGlobalSection
	GlobalSection(ExtensibilityGlobals) = postSolution
		SolutionGuid = {1988466A-9DD1-4C0B-A9C1-32B8F23876AA}
	EndGlobalSection
EndGlobal
